
Microsoft Visual Studio Solution File, Format Version 12.00
# Visual Studio Version 17
VisualStudioVersion = 17.7.34031.279
MinimumVisualStudioVersion = 10.0.40219.1
Project("{2150E333-8FDC-42A3-9474-1A3956D46DE8}") = "Services", "Services", "{A168E208-2D44-4D6C-98E8-9F37771437BC}"
EndProject
Project("{2150E333-8FDC-42A3-9474-1A3956D46DE8}") = "HumanResources", "HumanResources", "{CD0C65E8-AB41-4463-9014-A0979A41730C}"
EndProject
Project("{9A19103F-16F7-4668-BE54-9A1E7A4F7556}") = "HumanResources.Api", "Services\HumanResources\HumanResources.Api\HumanResources.Api.csproj", "{F6C5730B-EF88-4DA6-BDE7-D87DB7FEF7D7}"
EndProject
Project("{9A19103F-16F7-4668-BE54-9A1E7A4F7556}") = "HumanResources.Domain", "Services\HumanResources\HumanResources.Domain\HumanResources.Domain.csproj", "{634072DB-0266-43DC-BEE2-132B1C153706}"
EndProject
Project("{9A19103F-16F7-4668-BE54-9A1E7A4F7556}") = "HumanResources.AppLogic", "Services\HumanResources\HumanResources.AppLogic\HumanResources.AppLogic.csproj", "{E2257FDC-E168-4E82-8707-4A9763680853}"
EndProject
Project("{9A19103F-16F7-4668-BE54-9A1E7A4F7556}") = "HumanResources.Infrastructure", "Services\HumanResources\HumanResources.Infrastructure\HumanResources.Infrastructure.csproj", "{FCE5186E-67E8-4471-9DFB-BD20742740A3}"
EndProject
Project("{E53339B2-1760-4266-BCC7-CA923CBCF16C}") = "docker-compose", "docker-compose.dcproj", "{0569C704-1D7B-4987-BC25-D759196A46B1}"
EndProject
Project("{2150E333-8FDC-42A3-9474-1A3956D46DE8}") = "BuildingBlocks", "BuildingBlocks", "{A16EC151-95D3-4320-B645-7D308BE2AAF7}"
EndProject
Project("{9A19103F-16F7-4668-BE54-9A1E7A4F7556}") = "Domain", "BuildingBlocks\Domain\Domain.csproj", "{5C3530B7-3BBD-4891-85D2-EB41010075F5}"
EndProject
Project("{9A19103F-16F7-4668-BE54-9A1E7A4F7556}") = "Test", "BuildingBlocks\Test\Test.csproj", "{801D21CA-04DB-404B-A43F-AD78D24B8A6B}"
EndProject
Project("{9A19103F-16F7-4668-BE54-9A1E7A4F7556}") = "HumanResources.Domain.Tests", "Services\HumanResources\HumanResources.Domain.Tests\HumanResources.Domain.Tests.csproj", "{D5AEB8F4-83EE-4E98-8183-C5BB7AE8AA57}"
EndProject
Project("{9A19103F-16F7-4668-BE54-9A1E7A4F7556}") = "HumanResources.AppLogic.Tests", "Services\HumanResources\HumanResources.AppLogic.Tests\HumanResources.AppLogic.Tests.csproj", "{59269768-E252-4206-A345-A310FEE94EE7}"
EndProject
Project("{9A19103F-16F7-4668-BE54-9A1E7A4F7556}") = "HumanResources.Api.Tests", "Services\HumanResources\HumanResources.Api.Tests\HumanResources.Api.Tests.csproj", "{A75945CB-09FA-4C73-806B-80934E3C8014}"
EndProject
Project("{2150E333-8FDC-42A3-9474-1A3956D46DE8}") = "DevOps", "DevOps", "{C9223C53-A09C-4311-8F9C-F33C6E24EDD1}"
EndProject
Project("{9A19103F-16F7-4668-BE54-9A1E7A4F7556}") = "DevOps.Api", "Services\DevOps\DevOps.Api\DevOps.Api.csproj", "{1A893FED-7657-4C98-BBE3-70FF0E323977}"
EndProject
Project("{9A19103F-16F7-4668-BE54-9A1E7A4F7556}") = "DevOps.Domain", "Services\DevOps\DevOps.Domain\DevOps.Domain.csproj", "{1DDCA152-32B5-4091-AD47-A49EBD66D30C}"
EndProject
Project("{9A19103F-16F7-4668-BE54-9A1E7A4F7556}") = "DevOps.AppLogic", "Services\DevOps\DevOps.AppLogic\DevOps.AppLogic.csproj", "{CA821F81-CA4A-45DD-8983-ED77D05CB32E}"
EndProject
Project("{9A19103F-16F7-4668-BE54-9A1E7A4F7556}") = "DevOps.Infrastructure", "Services\DevOps\DevOps.Infrastructure\DevOps.Infrastructure.csproj", "{C8B8E58F-2B45-4FF2-BC7D-3903F5FBE6EA}"
EndProject
Project("{9A19103F-16F7-4668-BE54-9A1E7A4F7556}") = "DevOps.AppLogic.Tests", "Services\DevOps\DevOps.AppLogic.Tests\DevOps.AppLogic.Tests.csproj", "{D36A959C-83E2-4B68-B1DA-76774EC15F60}"
EndProject
Project("{9A19103F-16F7-4668-BE54-9A1E7A4F7556}") = "DevOps.Domain.Tests", "Services\DevOps\DevOps.Domain.Tests\DevOps.Domain.Tests.csproj", "{E09BC8BD-6B3F-42A0-AEA3-13137F7447C2}"
EndProject
Project("{9A19103F-16F7-4668-BE54-9A1E7A4F7556}") = "DevOps.Api.Tests", "Services\DevOps\DevOps.Infrastructure.Tests\DevOps.Api.Tests.csproj", "{8E07C2BD-5306-49F6-9E2F-AE81D94CC87E}"
EndProject
Project("{9A19103F-16F7-4668-BE54-9A1E7A4F7556}") = "Api", "BuildingBlocks\Api\Api.csproj", "{7ADA0F5A-ECB5-469A-8E7B-515439F57225}"
EndProject
Project("{2150E333-8FDC-42A3-9474-1A3956D46DE8}") = "Events", "Events", "{EEC8B692-DDFC-4ABD-A30F-3625F85FCA53}"
EndProject
Project("{FAE04EC0-301F-11D3-BF4B-00C04F79EFBC}") = "IntegrationEvents", "BuildingBlocks\Events\IntegrationEvents\IntegrationEvents.csproj", "{B3F57B97-2F6C-4DD3-B098-9FA2871DD118}"
EndProject
Global
	GlobalSection(SolutionConfigurationPlatforms) = preSolution
		Debug|Any CPU = Debug|Any CPU
		Release|Any CPU = Release|Any CPU
	EndGlobalSection
	GlobalSection(ProjectConfigurationPlatforms) = postSolution
		{F6C5730B-EF88-4DA6-BDE7-D87DB7FEF7D7}.Debug|Any CPU.ActiveCfg = Debug|Any CPU
		{F6C5730B-EF88-4DA6-BDE7-D87DB7FEF7D7}.Debug|Any CPU.Build.0 = Debug|Any CPU
		{F6C5730B-EF88-4DA6-BDE7-D87DB7FEF7D7}.Release|Any CPU.ActiveCfg = Release|Any CPU
		{F6C5730B-EF88-4DA6-BDE7-D87DB7FEF7D7}.Release|Any CPU.Build.0 = Release|Any CPU
		{634072DB-0266-43DC-BEE2-132B1C153706}.Debug|Any CPU.ActiveCfg = Debug|Any CPU
		{634072DB-0266-43DC-BEE2-132B1C153706}.Debug|Any CPU.Build.0 = Debug|Any CPU
		{634072DB-0266-43DC-BEE2-132B1C153706}.Release|Any CPU.ActiveCfg = Release|Any CPU
		{634072DB-0266-43DC-BEE2-132B1C153706}.Release|Any CPU.Build.0 = Release|Any CPU
		{E2257FDC-E168-4E82-8707-4A9763680853}.Debug|Any CPU.ActiveCfg = Debug|Any CPU
		{E2257FDC-E168-4E82-8707-4A9763680853}.Debug|Any CPU.Build.0 = Debug|Any CPU
		{E2257FDC-E168-4E82-8707-4A9763680853}.Release|Any CPU.ActiveCfg = Release|Any CPU
		{E2257FDC-E168-4E82-8707-4A9763680853}.Release|Any CPU.Build.0 = Release|Any CPU
		{FCE5186E-67E8-4471-9DFB-BD20742740A3}.Debug|Any CPU.ActiveCfg = Debug|Any CPU
		{FCE5186E-67E8-4471-9DFB-BD20742740A3}.Debug|Any CPU.Build.0 = Debug|Any CPU
		{FCE5186E-67E8-4471-9DFB-BD20742740A3}.Release|Any CPU.ActiveCfg = Release|Any CPU
		{FCE5186E-67E8-4471-9DFB-BD20742740A3}.Release|Any CPU.Build.0 = Release|Any CPU
		{0569C704-1D7B-4987-BC25-D759196A46B1}.Debug|Any CPU.ActiveCfg = Debug|Any CPU
		{0569C704-1D7B-4987-BC25-D759196A46B1}.Debug|Any CPU.Build.0 = Debug|Any CPU
		{0569C704-1D7B-4987-BC25-D759196A46B1}.Release|Any CPU.ActiveCfg = Release|Any CPU
		{0569C704-1D7B-4987-BC25-D759196A46B1}.Release|Any CPU.Build.0 = Release|Any CPU
		{5C3530B7-3BBD-4891-85D2-EB41010075F5}.Debug|Any CPU.ActiveCfg = Debug|Any CPU
		{5C3530B7-3BBD-4891-85D2-EB41010075F5}.Debug|Any CPU.Build.0 = Debug|Any CPU
		{5C3530B7-3BBD-4891-85D2-EB41010075F5}.Release|Any CPU.ActiveCfg = Release|Any CPU
		{5C3530B7-3BBD-4891-85D2-EB41010075F5}.Release|Any CPU.Build.0 = Release|Any CPU
		{801D21CA-04DB-404B-A43F-AD78D24B8A6B}.Debug|Any CPU.ActiveCfg = Debug|Any CPU
		{801D21CA-04DB-404B-A43F-AD78D24B8A6B}.Debug|Any CPU.Build.0 = Debug|Any CPU
		{801D21CA-04DB-404B-A43F-AD78D24B8A6B}.Release|Any CPU.ActiveCfg = Release|Any CPU
		{801D21CA-04DB-404B-A43F-AD78D24B8A6B}.Release|Any CPU.Build.0 = Release|Any CPU
		{D5AEB8F4-83EE-4E98-8183-C5BB7AE8AA57}.Debug|Any CPU.ActiveCfg = Debug|Any CPU
		{D5AEB8F4-83EE-4E98-8183-C5BB7AE8AA57}.Debug|Any CPU.Build.0 = Debug|Any CPU
		{D5AEB8F4-83EE-4E98-8183-C5BB7AE8AA57}.Release|Any CPU.ActiveCfg = Release|Any CPU
		{D5AEB8F4-83EE-4E98-8183-C5BB7AE8AA57}.Release|Any CPU.Build.0 = Release|Any CPU
		{59269768-E252-4206-A345-A310FEE94EE7}.Debug|Any CPU.ActiveCfg = Debug|Any CPU
		{59269768-E252-4206-A345-A310FEE94EE7}.Debug|Any CPU.Build.0 = Debug|Any CPU
		{59269768-E252-4206-A345-A310FEE94EE7}.Release|Any CPU.ActiveCfg = Release|Any CPU
		{59269768-E252-4206-A345-A310FEE94EE7}.Release|Any CPU.Build.0 = Release|Any CPU
		{A75945CB-09FA-4C73-806B-80934E3C8014}.Debug|Any CPU.ActiveCfg = Debug|Any CPU
		{A75945CB-09FA-4C73-806B-80934E3C8014}.Debug|Any CPU.Build.0 = Debug|Any CPU
		{A75945CB-09FA-4C73-806B-80934E3C8014}.Release|Any CPU.ActiveCfg = Release|Any CPU
		{A75945CB-09FA-4C73-806B-80934E3C8014}.Release|Any CPU.Build.0 = Release|Any CPU
		{1A893FED-7657-4C98-BBE3-70FF0E323977}.Debug|Any CPU.ActiveCfg = Debug|Any CPU
		{1A893FED-7657-4C98-BBE3-70FF0E323977}.Debug|Any CPU.Build.0 = Debug|Any CPU
		{1A893FED-7657-4C98-BBE3-70FF0E323977}.Release|Any CPU.ActiveCfg = Release|Any CPU
		{1A893FED-7657-4C98-BBE3-70FF0E323977}.Release|Any CPU.Build.0 = Release|Any CPU
		{1DDCA152-32B5-4091-AD47-A49EBD66D30C}.Debug|Any CPU.ActiveCfg = Debug|Any CPU
		{1DDCA152-32B5-4091-AD47-A49EBD66D30C}.Debug|Any CPU.Build.0 = Debug|Any CPU
		{1DDCA152-32B5-4091-AD47-A49EBD66D30C}.Release|Any CPU.ActiveCfg = Release|Any CPU
		{1DDCA152-32B5-4091-AD47-A49EBD66D30C}.Release|Any CPU.Build.0 = Release|Any CPU
		{CA821F81-CA4A-45DD-8983-ED77D05CB32E}.Debug|Any CPU.ActiveCfg = Debug|Any CPU
		{CA821F81-CA4A-45DD-8983-ED77D05CB32E}.Debug|Any CPU.Build.0 = Debug|Any CPU
		{CA821F81-CA4A-45DD-8983-ED77D05CB32E}.Release|Any CPU.ActiveCfg = Release|Any CPU
		{CA821F81-CA4A-45DD-8983-ED77D05CB32E}.Release|Any CPU.Build.0 = Release|Any CPU
		{C8B8E58F-2B45-4FF2-BC7D-3903F5FBE6EA}.Debug|Any CPU.ActiveCfg = Debug|Any CPU
		{C8B8E58F-2B45-4FF2-BC7D-3903F5FBE6EA}.Debug|Any CPU.Build.0 = Debug|Any CPU
		{C8B8E58F-2B45-4FF2-BC7D-3903F5FBE6EA}.Release|Any CPU.ActiveCfg = Release|Any CPU
		{C8B8E58F-2B45-4FF2-BC7D-3903F5FBE6EA}.Release|Any CPU.Build.0 = Release|Any CPU
		{D36A959C-83E2-4B68-B1DA-76774EC15F60}.Debug|Any CPU.ActiveCfg = Debug|Any CPU
		{D36A959C-83E2-4B68-B1DA-76774EC15F60}.Debug|Any CPU.Build.0 = Debug|Any CPU
		{D36A959C-83E2-4B68-B1DA-76774EC15F60}.Release|Any CPU.ActiveCfg = Release|Any CPU
		{D36A959C-83E2-4B68-B1DA-76774EC15F60}.Release|Any CPU.Build.0 = Release|Any CPU
		{E09BC8BD-6B3F-42A0-AEA3-13137F7447C2}.Debug|Any CPU.ActiveCfg = Debug|Any CPU
		{E09BC8BD-6B3F-42A0-AEA3-13137F7447C2}.Debug|Any CPU.Build.0 = Debug|Any CPU
		{E09BC8BD-6B3F-42A0-AEA3-13137F7447C2}.Release|Any CPU.ActiveCfg = Release|Any CPU
		{E09BC8BD-6B3F-42A0-AEA3-13137F7447C2}.Release|Any CPU.Build.0 = Release|Any CPU
		{8E07C2BD-5306-49F6-9E2F-AE81D94CC87E}.Debug|Any CPU.ActiveCfg = Debug|Any CPU
		{8E07C2BD-5306-49F6-9E2F-AE81D94CC87E}.Debug|Any CPU.Build.0 = Debug|Any CPU
		{8E07C2BD-5306-49F6-9E2F-AE81D94CC87E}.Release|Any CPU.ActiveCfg = Release|Any CPU
		{8E07C2BD-5306-49F6-9E2F-AE81D94CC87E}.Release|Any CPU.Build.0 = Release|Any CPU
		{7ADA0F5A-ECB5-469A-8E7B-515439F57225}.Debug|Any CPU.ActiveCfg = Debug|Any CPU
		{7ADA0F5A-ECB5-469A-8E7B-515439F57225}.Debug|Any CPU.Build.0 = Debug|Any CPU
		{7ADA0F5A-ECB5-469A-8E7B-515439F57225}.Release|Any CPU.ActiveCfg = Release|Any CPU
		{7ADA0F5A-ECB5-469A-8E7B-515439F57225}.Release|Any CPU.Build.0 = Release|Any CPU
		{B3F57B97-2F6C-4DD3-B098-9FA2871DD118}.Debug|Any CPU.ActiveCfg = Debug|Any CPU
		{B3F57B97-2F6C-4DD3-B098-9FA2871DD118}.Debug|Any CPU.Build.0 = Debug|Any CPU
		{B3F57B97-2F6C-4DD3-B098-9FA2871DD118}.Release|Any CPU.ActiveCfg = Release|Any CPU
		{B3F57B97-2F6C-4DD3-B098-9FA2871DD118}.Release|Any CPU.Build.0 = Release|Any CPU
	EndGlobalSection
	GlobalSection(SolutionProperties) = preSolution
		HideSolutionNode = FALSE
	EndGlobalSection
	GlobalSection(NestedProjects) = preSolution
		{CD0C65E8-AB41-4463-9014-A0979A41730C} = {A168E208-2D44-4D6C-98E8-9F37771437BC}
		{F6C5730B-EF88-4DA6-BDE7-D87DB7FEF7D7} = {CD0C65E8-AB41-4463-9014-A0979A41730C}
		{634072DB-0266-43DC-BEE2-132B1C153706} = {CD0C65E8-AB41-4463-9014-A0979A41730C}
		{E2257FDC-E168-4E82-8707-4A9763680853} = {CD0C65E8-AB41-4463-9014-A0979A41730C}
		{FCE5186E-67E8-4471-9DFB-BD20742740A3} = {CD0C65E8-AB41-4463-9014-A0979A41730C}
		{5C3530B7-3BBD-4891-85D2-EB41010075F5} = {A16EC151-95D3-4320-B645-7D308BE2AAF7}
		{801D21CA-04DB-404B-A43F-AD78D24B8A6B} = {A16EC151-95D3-4320-B645-7D308BE2AAF7}
		{D5AEB8F4-83EE-4E98-8183-C5BB7AE8AA57} = {CD0C65E8-AB41-4463-9014-A0979A41730C}
		{59269768-E252-4206-A345-A310FEE94EE7} = {CD0C65E8-AB41-4463-9014-A0979A41730C}
		{A75945CB-09FA-4C73-806B-80934E3C8014} = {CD0C65E8-AB41-4463-9014-A0979A41730C}
		{C9223C53-A09C-4311-8F9C-F33C6E24EDD1} = {A168E208-2D44-4D6C-98E8-9F37771437BC}
		{1A893FED-7657-4C98-BBE3-70FF0E323977} = {C9223C53-A09C-4311-8F9C-F33C6E24EDD1}
		{1DDCA152-32B5-4091-AD47-A49EBD66D30C} = {C9223C53-A09C-4311-8F9C-F33C6E24EDD1}
		{CA821F81-CA4A-45DD-8983-ED77D05CB32E} = {C9223C53-A09C-4311-8F9C-F33C6E24EDD1}
		{C8B8E58F-2B45-4FF2-BC7D-3903F5FBE6EA} = {C9223C53-A09C-4311-8F9C-F33C6E24EDD1}
		{D36A959C-83E2-4B68-B1DA-76774EC15F60} = {C9223C53-A09C-4311-8F9C-F33C6E24EDD1}
		{E09BC8BD-6B3F-42A0-AEA3-13137F7447C2} = {C9223C53-A09C-4311-8F9C-F33C6E24EDD1}
		{8E07C2BD-5306-49F6-9E2F-AE81D94CC87E} = {C9223C53-A09C-4311-8F9C-F33C6E24EDD1}
		{7ADA0F5A-ECB5-469A-8E7B-515439F57225} = {A16EC151-95D3-4320-B645-7D308BE2AAF7}
		{EEC8B692-DDFC-4ABD-A30F-3625F85FCA53} = {A16EC151-95D3-4320-B645-7D308BE2AAF7}
		{B3F57B97-2F6C-4DD3-B098-9FA2871DD118} = {EEC8B692-DDFC-4ABD-A30F-3625F85FCA53}
	EndGlobalSection
	GlobalSection(ExtensibilityGlobals) = postSolution
		SolutionGuid = {C242D848-4207-4297-9E04-3A1374C4F192}
	EndGlobalSection
EndGlobal
